
Microsoft Visual Studio Solution File, Format Version 12.00
# Visual Studio 15
VisualStudioVersion = 15.0.28307.489
MinimumVisualStudioVersion = 10.0.40219.1
Project("{FAE04EC0-301F-11D3-BF4B-00C04F79EFBC}") = "tradicionalGetAndSet", "tradicionalGetAndSet\tradicionalGetAndSet.csproj", "{211DACA7-2F01-408C-AB63-7EF356106D94}"
EndProject
Global
	GlobalSection(SolutionConfigurationPlatforms) = preSolution
		Debug|Any CPU = Debug|Any CPU
		Release|Any CPU = Release|Any CPU
	EndGlobalSection
	GlobalSection(ProjectConfigurationPlatforms) = postSolution
		{211DACA7-2F01-408C-AB63-7EF356106D94}.Debug|Any CPU.ActiveCfg = Debug|Any CPU
		{211DACA7-2F01-408C-AB63-7EF356106D94}.Debug|Any CPU.Build.0 = Debug|Any CPU
		{211DACA7-2F01-408C-AB63-7EF356106D94}.Release|Any CPU.ActiveCfg = Release|Any CPU
		{211DACA7-2F01-408C-AB63-7EF356106D94}.Release|Any CPU.Build.0 = Release|Any CPU
	EndGlobalSection
	GlobalSection(SolutionProperties) = preSolution
		HideSolutionNode = FALSE
	EndGlobalSection
	GlobalSection(ExtensibilityGlobals) = postSolution
		SolutionGuid = {3265D145-3D8A-43AC-B14C-5DAE76756316}
	EndGlobalSection
EndGlobal
